
Microsoft Visual Studio Solution File, Format Version 12.00
# Visual Studio Version 17
VisualStudioVersion = 17.2.32602.215
MinimumVisualStudioVersion = 10.0.40219.1
Project("{FAE04EC0-301F-11D3-BF4B-00C04F79EFBC}") = "WCS-Compras", "WCS-Compras\WCS-Compras.csproj", "{B55FCC41-A837-4C76-98BB-4AE1BF34673C}"
EndProject
Global
	GlobalSection(SolutionConfigurationPlatforms) = preSolution
		Debug|Any CPU = Debug|Any CPU
		Release|Any CPU = Release|Any CPU
	EndGlobalSection
	GlobalSection(ProjectConfigurationPlatforms) = postSolution
		{B55FCC41-A837-4C76-98BB-4AE1BF34673C}.Debug|Any CPU.ActiveCfg = Debug|Any CPU
		{B55FCC41-A837-4C76-98BB-4AE1BF34673C}.Debug|Any CPU.Build.0 = Debug|Any CPU
		{B55FCC41-A837-4C76-98BB-4AE1BF34673C}.Release|Any CPU.ActiveCfg = Release|Any CPU
		{B55FCC41-A837-4C76-98BB-4AE1BF34673C}.Release|Any CPU.Build.0 = Release|Any CPU
	EndGlobalSection
	GlobalSection(SolutionProperties) = preSolution
		HideSolutionNode = FALSE
	EndGlobalSection
	GlobalSection(ExtensibilityGlobals) = postSolution
		SolutionGuid = {CEA0C2C3-0115-4D57-9DC3-AC261EECB7C0}
	EndGlobalSection
EndGlobal
